
Microsoft Visual Studio Solution File, Format Version 12.00
# Visual Studio Version 17
VisualStudioVersion = 17.4.33205.214
MinimumVisualStudioVersion = 10.0.40219.1
Project("{9A19103F-16F7-4668-BE54-9A1E7A4F7556}") = "VietInkWebApp", "VietInkWebApp.csproj", "{0CF592B1-9F62-4EC2-A0F4-585FBC930B1D}"
EndProject
Global
	GlobalSection(SolutionConfigurationPlatforms) = preSolution
		Debug|Any CPU = Debug|Any CPU
		Release|Any CPU = Release|Any CPU
	EndGlobalSection
	GlobalSection(ProjectConfigurationPlatforms) = postSolution
		{0CF592B1-9F62-4EC2-A0F4-585FBC930B1D}.Debug|Any CPU.ActiveCfg = Debug|Any CPU
		{0CF592B1-9F62-4EC2-A0F4-585FBC930B1D}.Debug|Any CPU.Build.0 = Debug|Any CPU
		{0CF592B1-9F62-4EC2-A0F4-585FBC930B1D}.Release|Any CPU.ActiveCfg = Release|Any CPU
		{0CF592B1-9F62-4EC2-A0F4-585FBC930B1D}.Release|Any CPU.Build.0 = Release|Any CPU
	EndGlobalSection
	GlobalSection(SolutionProperties) = preSolution
		HideSolutionNode = FALSE
	EndGlobalSection
	GlobalSection(ExtensibilityGlobals) = postSolution
		SolutionGuid = {5BFD0913-BC91-4EA1-91F1-1D26684538A7}
	EndGlobalSection
EndGlobal
